
Microsoft Visual Studio Solution File, Format Version 12.00
# Visual Studio Version 16
VisualStudioVersion = 16.0.30204.135
MinimumVisualStudioVersion = 15.0.26124.0
Project("{9A19103F-16F7-4668-BE54-9A1E7A4F7556}") = "Padaria.WebAPI", "Padaria.WebAPI\Padaria.WebAPI.csproj", "{5A737A39-FBA8-4E52-8BA8-956C85448555}"
EndProject
Project("{9A19103F-16F7-4668-BE54-9A1E7A4F7556}") = "Padaria.Domain", "Padaria.Domain\Padaria.Domain.csproj", "{3FAABD71-1F71-43FA-AFA0-CE562BBDD42B}"
EndProject
Project("{9A19103F-16F7-4668-BE54-9A1E7A4F7556}") = "Padaria.Application", "Padaria.Application\Padaria.Application.csproj", "{DB1F5B6C-EAE5-4923-860A-4B23DFC0616B}"
EndProject
Project("{9A19103F-16F7-4668-BE54-9A1E7A4F7556}") = "Padaria.Infra.Data", "Padaria.Infra.Data\Padaria.Infra.Data.csproj", "{7E7554DF-83B7-43EF-AF11-09AFBD270F0E}"
EndProject
Project("{2150E333-8FDC-42A3-9474-1A3956D46DE8}") = "1 - Presentation", "1 - Presentation", "{AA8C1518-AC9E-4FA1-9890-5FF46C990133}"
EndProject
Project("{2150E333-8FDC-42A3-9474-1A3956D46DE8}") = "2 - Services", "2 - Services", "{8A9255B4-1B7B-4233-BE3A-21C0D7AB651E}"
EndProject
Project("{2150E333-8FDC-42A3-9474-1A3956D46DE8}") = "3 - Application", "3 - Application", "{7FFD4DC5-56E4-40C2-B96B-BF5F6B5BA995}"
EndProject
Project("{2150E333-8FDC-42A3-9474-1A3956D46DE8}") = "4 - Domain", "4 - Domain", "{BC431464-8685-4D6F-98F8-A7B2D068E92C}"
EndProject
Project("{2150E333-8FDC-42A3-9474-1A3956D46DE8}") = "5 - Infra", "5 - Infra", "{63BD49E2-FF2C-4B3E-9497-8ECDBB89F31C}"
EndProject
Project("{2150E333-8FDC-42A3-9474-1A3956D46DE8}") = "5.1 - Data", "5.1 - Data", "{ADE30170-D32D-49BC-9737-94AD9F6A9726}"
EndProject
Global
	GlobalSection(SolutionConfigurationPlatforms) = preSolution
		Debug|Any CPU = Debug|Any CPU
		Debug|x64 = Debug|x64
		Debug|x86 = Debug|x86
		Release|Any CPU = Release|Any CPU
		Release|x64 = Release|x64
		Release|x86 = Release|x86
	EndGlobalSection
	GlobalSection(ProjectConfigurationPlatforms) = postSolution
		{5A737A39-FBA8-4E52-8BA8-956C85448555}.Debug|Any CPU.ActiveCfg = Debug|Any CPU
		{5A737A39-FBA8-4E52-8BA8-956C85448555}.Debug|Any CPU.Build.0 = Debug|Any CPU
		{5A737A39-FBA8-4E52-8BA8-956C85448555}.Debug|x64.ActiveCfg = Debug|Any CPU
		{5A737A39-FBA8-4E52-8BA8-956C85448555}.Debug|x64.Build.0 = Debug|Any CPU
		{5A737A39-FBA8-4E52-8BA8-956C85448555}.Debug|x86.ActiveCfg = Debug|Any CPU
		{5A737A39-FBA8-4E52-8BA8-956C85448555}.Debug|x86.Build.0 = Debug|Any CPU
		{5A737A39-FBA8-4E52-8BA8-956C85448555}.Release|Any CPU.ActiveCfg = Release|Any CPU
		{5A737A39-FBA8-4E52-8BA8-956C85448555}.Release|Any CPU.Build.0 = Release|Any CPU
		{5A737A39-FBA8-4E52-8BA8-956C85448555}.Release|x64.ActiveCfg = Release|Any CPU
		{5A737A39-FBA8-4E52-8BA8-956C85448555}.Release|x64.Build.0 = Release|Any CPU
		{5A737A39-FBA8-4E52-8BA8-956C85448555}.Release|x86.ActiveCfg = Release|Any CPU
		{5A737A39-FBA8-4E52-8BA8-956C85448555}.Release|x86.Build.0 = Release|Any CPU
		{3FAABD71-1F71-43FA-AFA0-CE562BBDD42B}.Debug|Any CPU.ActiveCfg = Debug|Any CPU
		{3FAABD71-1F71-43FA-AFA0-CE562BBDD42B}.Debug|Any CPU.Build.0 = Debug|Any CPU
		{3FAABD71-1F71-43FA-AFA0-CE562BBDD42B}.Debug|x64.ActiveCfg = Debug|Any CPU
		{3FAABD71-1F71-43FA-AFA0-CE562BBDD42B}.Debug|x64.Build.0 = Debug|Any CPU
		{3FAABD71-1F71-43FA-AFA0-CE562BBDD42B}.Debug|x86.ActiveCfg = Debug|Any CPU
		{3FAABD71-1F71-43FA-AFA0-CE562BBDD42B}.Debug|x86.Build.0 = Debug|Any CPU
		{3FAABD71-1F71-43FA-AFA0-CE562BBDD42B}.Release|Any CPU.ActiveCfg = Release|Any CPU
		{3FAABD71-1F71-43FA-AFA0-CE562BBDD42B}.Release|Any CPU.Build.0 = Release|Any CPU
		{3FAABD71-1F71-43FA-AFA0-CE562BBDD42B}.Release|x64.ActiveCfg = Release|Any CPU
		{3FAABD71-1F71-43FA-AFA0-CE562BBDD42B}.Release|x64.Build.0 = Release|Any CPU
		{3FAABD71-1F71-43FA-AFA0-CE562BBDD42B}.Release|x86.ActiveCfg = Release|Any CPU
		{3FAABD71-1F71-43FA-AFA0-CE562BBDD42B}.Release|x86.Build.0 = Release|Any CPU
		{DB1F5B6C-EAE5-4923-860A-4B23DFC0616B}.Debug|Any CPU.ActiveCfg = Debug|Any CPU
		{DB1F5B6C-EAE5-4923-860A-4B23DFC0616B}.Debug|Any CPU.Build.0 = Debug|Any CPU
		{DB1F5B6C-EAE5-4923-860A-4B23DFC0616B}.Debug|x64.ActiveCfg = Debug|Any CPU
		{DB1F5B6C-EAE5-4923-860A-4B23DFC0616B}.Debug|x64.Build.0 = Debug|Any CPU
		{DB1F5B6C-EAE5-4923-860A-4B23DFC0616B}.Debug|x86.ActiveCfg = Debug|Any CPU
		{DB1F5B6C-EAE5-4923-860A-4B23DFC0616B}.Debug|x86.Build.0 = Debug|Any CPU
		{DB1F5B6C-EAE5-4923-860A-4B23DFC0616B}.Release|Any CPU.ActiveCfg = Release|Any CPU
		{DB1F5B6C-EAE5-4923-860A-4B23DFC0616B}.Release|Any CPU.Build.0 = Release|Any CPU
		{DB1F5B6C-EAE5-4923-860A-4B23DFC0616B}.Release|x64.ActiveCfg = Release|Any CPU
		{DB1F5B6C-EAE5-4923-860A-4B23DFC0616B}.Release|x64.Build.0 = Release|Any CPU
		{DB1F5B6C-EAE5-4923-860A-4B23DFC0616B}.Release|x86.ActiveCfg = Release|Any CPU
		{DB1F5B6C-EAE5-4923-860A-4B23DFC0616B}.Release|x86.Build.0 = Release|Any CPU
		{7E7554DF-83B7-43EF-AF11-09AFBD270F0E}.Debug|Any CPU.ActiveCfg = Debug|Any CPU
		{7E7554DF-83B7-43EF-AF11-09AFBD270F0E}.Debug|Any CPU.Build.0 = Debug|Any CPU
		{7E7554DF-83B7-43EF-AF11-09AFBD270F0E}.Debug|x64.ActiveCfg = Debug|Any CPU
		{7E7554DF-83B7-43EF-AF11-09AFBD270F0E}.Debug|x64.Build.0 = Debug|Any CPU
		{7E7554DF-83B7-43EF-AF11-09AFBD270F0E}.Debug|x86.ActiveCfg = Debug|Any CPU
		{7E7554DF-83B7-43EF-AF11-09AFBD270F0E}.Debug|x86.Build.0 = Debug|Any CPU
		{7E7554DF-83B7-43EF-AF11-09AFBD270F0E}.Release|Any CPU.ActiveCfg = Release|Any CPU
		{7E7554DF-83B7-43EF-AF11-09AFBD270F0E}.Release|Any CPU.Build.0 = Release|Any CPU
		{7E7554DF-83B7-43EF-AF11-09AFBD270F0E}.Release|x64.ActiveCfg = Release|Any CPU
		{7E7554DF-83B7-43EF-AF11-09AFBD270F0E}.Release|x64.Build.0 = Release|Any CPU
		{7E7554DF-83B7-43EF-AF11-09AFBD270F0E}.Release|x86.ActiveCfg = Release|Any CPU
		{7E7554DF-83B7-43EF-AF11-09AFBD270F0E}.Release|x86.Build.0 = Release|Any CPU
	EndGlobalSection
	GlobalSection(SolutionProperties) = preSolution
		HideSolutionNode = FALSE
	EndGlobalSection
	GlobalSection(NestedProjects) = preSolution
		{5A737A39-FBA8-4E52-8BA8-956C85448555} = {8A9255B4-1B7B-4233-BE3A-21C0D7AB651E}
		{3FAABD71-1F71-43FA-AFA0-CE562BBDD42B} = {BC431464-8685-4D6F-98F8-A7B2D068E92C}
		{DB1F5B6C-EAE5-4923-860A-4B23DFC0616B} = {7FFD4DC5-56E4-40C2-B96B-BF5F6B5BA995}
		{7E7554DF-83B7-43EF-AF11-09AFBD270F0E} = {ADE30170-D32D-49BC-9737-94AD9F6A9726}
		{ADE30170-D32D-49BC-9737-94AD9F6A9726} = {63BD49E2-FF2C-4B3E-9497-8ECDBB89F31C}
	EndGlobalSection
	GlobalSection(ExtensibilityGlobals) = postSolution
		SolutionGuid = {343CC87E-D1F5-46C3-94F0-1E416B7F59D7}
	EndGlobalSection
EndGlobal
