
Microsoft Visual Studio Solution File, Format Version 12.00
# Visual Studio Version 16
VisualStudioVersion = 16.0.30204.135
MinimumVisualStudioVersion = 10.0.40219.1
Project("{9A19103F-16F7-4668-BE54-9A1E7A4F7556}") = "Padaria.WebAPI", "Padaria.WebAPI.csproj", "{D0DE3DDC-E64F-426E-8A23-047D078C777A}"
EndProject
Global
	GlobalSection(SolutionConfigurationPlatforms) = preSolution
		Debug|Any CPU = Debug|Any CPU
		Release|Any CPU = Release|Any CPU
	EndGlobalSection
	GlobalSection(ProjectConfigurationPlatforms) = postSolution
		{D0DE3DDC-E64F-426E-8A23-047D078C777A}.Debug|Any CPU.ActiveCfg = Debug|Any CPU
		{D0DE3DDC-E64F-426E-8A23-047D078C777A}.Debug|Any CPU.Build.0 = Debug|Any CPU
		{D0DE3DDC-E64F-426E-8A23-047D078C777A}.Release|Any CPU.ActiveCfg = Release|Any CPU
		{D0DE3DDC-E64F-426E-8A23-047D078C777A}.Release|Any CPU.Build.0 = Release|Any CPU
	EndGlobalSection
	GlobalSection(SolutionProperties) = preSolution
		HideSolutionNode = FALSE
	EndGlobalSection
	GlobalSection(ExtensibilityGlobals) = postSolution
		SolutionGuid = {C3DD74B5-5385-4A08-A84C-522CAC194A85}
	EndGlobalSection
EndGlobal
